
Microsoft Visual Studio Solution File, Format Version 12.00
# Visual Studio 15
VisualStudioVersion = 15.0.26730.16
MinimumVisualStudioVersion = 10.0.40219.1
Project("{FAE04EC0-301F-11D3-BF4B-00C04F79EFBC}") = "GoL_Test_2", "GoL_Test_2.csproj", "{3F8752F9-AC68-4F95-82DD-F22C42AB0A25}"
EndProject
Global
	GlobalSection(SolutionConfigurationPlatforms) = preSolution
		Debug|x86 = Debug|x86
		Release|x86 = Release|x86
	EndGlobalSection
	GlobalSection(ProjectConfigurationPlatforms) = postSolution
		{3F8752F9-AC68-4F95-82DD-F22C42AB0A25}.Debug|x86.ActiveCfg = Debug|x86
		{3F8752F9-AC68-4F95-82DD-F22C42AB0A25}.Debug|x86.Build.0 = Debug|x86
		{3F8752F9-AC68-4F95-82DD-F22C42AB0A25}.Release|x86.ActiveCfg = Release|x86
		{3F8752F9-AC68-4F95-82DD-F22C42AB0A25}.Release|x86.Build.0 = Release|x86
	EndGlobalSection
	GlobalSection(SolutionProperties) = preSolution
		HideSolutionNode = FALSE
	EndGlobalSection
	GlobalSection(ExtensibilityGlobals) = postSolution
		SolutionGuid = {7BF68BC5-6E98-4772-8D5D-0210B1F4A2B3}
	EndGlobalSection
EndGlobal
